<?xml version="1.0" encoding="utf-8"?>
<Project ToolsVersion="4.0" xmlns="http://schemas.microsoft.com/developer/msbuild/2003">
  <ItemGroup>
    <ClCompile Include="TFD_SDK.cpp">
      <Filter>Source Files</Filter>
    </ClCompile>
    <ClCompile Include="SDK\Basic.cpp">
      <Filter>Source Files</Filter>
    </ClCompile>
    <ClCompile Include="SDK\CoreUObject_functions.cpp">
      <Filter>Source Files</Filter>
    </ClCompile>
    <ClCompile Include="dllmain.cpp">
      <Filter>Source Files</Filter>
    </ClCompile>
  </ItemGroup>
  <ItemGroup>
    <ClInclude Include="includes.h">
      <Filter>Header Files</Filter>
    </ClInclude>
    <ClInclude Include="SimpleIni.h">
      <Filter>Header Files</Filter>
    </ClInclude>
    <ClInclude Include="TFD_SDK.h">
      <Filter>Header Files</Filter>
    </ClInclude>
    <ClInclude Include="zerogui\ZeroGUI.h">
      <Filter>zerogui</Filter>
    </ClInclude>
  </ItemGroup>
  <ItemGroup>
    <Filter Include="Header Files">
      <UniqueIdentifier>{252b3001-ff7b-4276-a1cc-157760a31c4c}</UniqueIdentifier>
    </Filter>
    <Filter Include="Source Files">
      <UniqueIdentifier>{60120102-3db4-4aa0-ab3a-98f2c3edf8ee}</UniqueIdentifier>
    </Filter>
    <Filter Include="zerogui">
      <UniqueIdentifier>{c6c69fe5-e350-4588-baa9-ca9a5fe4c51a}</UniqueIdentifier>
    </Filter>
  </ItemGroup>
</Project>